
Microsoft Visual Studio Solution File, Format Version 12.00
# Visual Studio 2015
Project("{FAE04EC0-301F-11D3-BF4B-00C04F79EFBC}") = "Práctico", "Práctico.csproj", "{20B8137A-56C9-7A74-D4E1-32FD3E6BBA6E}"
EndProject
Global
	GlobalSection(SolutionConfigurationPlatforms) = preSolution
		Debug|Any CPU = Debug|Any CPU
		Release|Any CPU = Release|Any CPU
	EndGlobalSection
	GlobalSection(ProjectConfigurationPlatforms) = postSolution
		{20B8137A-56C9-7A74-D4E1-32FD3E6BBA6E}.Debug|Any CPU.ActiveCfg = Debug|Any CPU
		{20B8137A-56C9-7A74-D4E1-32FD3E6BBA6E}.Debug|Any CPU.Build.0 = Debug|Any CPU
		{20B8137A-56C9-7A74-D4E1-32FD3E6BBA6E}.Release|Any CPU.ActiveCfg = Release|Any CPU
		{20B8137A-56C9-7A74-D4E1-32FD3E6BBA6E}.Release|Any CPU.Build.0 = Release|Any CPU
	EndGlobalSection
	GlobalSection(SolutionProperties) = preSolution
		HideSolutionNode = FALSE
	EndGlobalSection
EndGlobal
