
Microsoft Visual Studio Solution File, Format Version 12.00
# Visual Studio 2015
Project("{FAE04EC0-301F-11D3-BF4B-00C04F79EFBC}") = "tp", "tp.csproj", "{4F2E0F5F-4FE3-284D-88C7-BCDA2B2AC315}"
EndProject
Global
	GlobalSection(SolutionConfigurationPlatforms) = preSolution
		Debug|Any CPU = Debug|Any CPU
		Release|Any CPU = Release|Any CPU
	EndGlobalSection
	GlobalSection(ProjectConfigurationPlatforms) = postSolution
		{4F2E0F5F-4FE3-284D-88C7-BCDA2B2AC315}.Debug|Any CPU.ActiveCfg = Debug|Any CPU
		{4F2E0F5F-4FE3-284D-88C7-BCDA2B2AC315}.Debug|Any CPU.Build.0 = Debug|Any CPU
		{4F2E0F5F-4FE3-284D-88C7-BCDA2B2AC315}.Release|Any CPU.ActiveCfg = Release|Any CPU
		{4F2E0F5F-4FE3-284D-88C7-BCDA2B2AC315}.Release|Any CPU.Build.0 = Release|Any CPU
	EndGlobalSection
	GlobalSection(SolutionProperties) = preSolution
		HideSolutionNode = FALSE
	EndGlobalSection
EndGlobal
